Microsoft Visual Studio Solution File, Format Version 12.00
# Visual Studio Version 17
VisualStudioVersion = 17.5.2.0
MinimumVisualStudioVersion = 10.0.40219.1
Project("{FAE04EC0-301F-11D3-BF4B-00C04F79EFBC}") = "WindowManager", "WindowManager.csproj", "{3E3E4E04-700C-6C24-9E5E-5577061EEB33}"
EndProject
Global
	GlobalSection(SolutionConfigurationPlatforms) = preSolution
		Debug|Any CPU = Debug|Any CPU
		Release|Any CPU = Release|Any CPU
	EndGlobalSection
	GlobalSection(ProjectConfigurationPlatforms) = postSolution
		{3E3E4E04-700C-6C24-9E5E-5577061EEB33}.Debug|Any CPU.ActiveCfg = Debug|Any CPU
		{3E3E4E04-700C-6C24-9E5E-5577061EEB33}.Debug|Any CPU.Build.0 = Debug|Any CPU
		{3E3E4E04-700C-6C24-9E5E-5577061EEB33}.Release|Any CPU.ActiveCfg = Release|Any CPU
		{3E3E4E04-700C-6C24-9E5E-5577061EEB33}.Release|Any CPU.Build.0 = Release|Any CPU
	EndGlobalSection
	GlobalSection(SolutionProperties) = preSolution
		HideSolutionNode = FALSE
	EndGlobalSection
	GlobalSection(ExtensibilityGlobals) = postSolution
		SolutionGuid = {9CC9DAB9-2522-44B7-BFBE-CA043263A2A5}
	EndGlobalSection
EndGlobal
